
Microsoft Visual Studio Solution File, Format Version 12.00
# Visual Studio 15
VisualStudioVersion = 15.0.27004.2005
MinimumVisualStudioVersion = 10.0.40219.1
Project("{D954291E-2A0B-460D-934E-DC6B0785DB48}") = "LocalEvents", "LocalEvents\LocalEvents\LocalEvents.shproj", "{32F42461-6DE5-41D8-BE42-3C8B8B4213F7}"
EndProject
Project("{FAE04EC0-301F-11D3-BF4B-00C04F79EFBC}") = "LocalEvents.Android", "LocalEvents\LocalEvents.Android\LocalEvents.Android.csproj", "{5576F6EA-EE3F-4B6A-BC25-62CCE7FB2373}"
EndProject
Project("{FAE04EC0-301F-11D3-BF4B-00C04F79EFBC}") = "LocalEvents.iOS", "LocalEvents\LocalEvents.iOS\LocalEvents.iOS.csproj", "{D361625A-6EEE-40DD-9476-0CAE5363D282}"
EndProject
Project("{FAE04EC0-301F-11D3-BF4B-00C04F79EFBC}") = "LocalEvents.UWP", "LocalEvents\LocalEvents.UWP\LocalEvents.UWP.csproj", "{3E87E239-5690-4DD6-A391-238CEBD64156}"
EndProject
Project("{FAE04EC0-301F-11D3-BF4B-00C04F79EFBC}") = "PCL", "PCL\PCL.csproj", "{647D3143-3305-4BA6-B89C-1037354D4197}"
EndProject
Project("{FAE04EC0-301F-11D3-BF4B-00C04F79EFBC}") = "LocalEventsSeminarski_API", "..\..\source\repos\LocalEventsSeminarski\LocalEventsSeminarski_API\LocalEventsSeminarski_API.csproj", "{DCEB6ECC-9141-4AAA-9124-A64ED562DD85}"
EndProject
Project("{FAE04EC0-301F-11D3-BF4B-00C04F79EFBC}") = "LocalEventsSeminarski_UI", "..\..\source\repos\LocalEventsSeminarski\LocalEventsSeminarski_UI\LocalEventsSeminarski_UI.csproj", "{95475269-D7CF-4F59-AF6F-842465F620DA}"
EndProject
Global
	GlobalSection(SharedMSBuildProjectFiles) = preSolution
		LocalEvents\LocalEvents\LocalEvents.projitems*{32f42461-6de5-41d8-be42-3c8b8b4213f7}*SharedItemsImports = 13
		LocalEvents\LocalEvents\LocalEvents.projitems*{3e87e239-5690-4dd6-a391-238cebd64156}*SharedItemsImports = 4
		LocalEvents\LocalEvents\LocalEvents.projitems*{5576f6ea-ee3f-4b6a-bc25-62cce7fb2373}*SharedItemsImports = 4
		LocalEvents\LocalEvents\LocalEvents.projitems*{d361625a-6eee-40dd-9476-0cae5363d282}*SharedItemsImports = 4
	EndGlobalSection
	GlobalSection(SolutionConfigurationPlatforms) = preSolution
		Ad-Hoc|Any CPU = Ad-Hoc|Any CPU
		Ad-Hoc|ARM = Ad-Hoc|ARM
		Ad-Hoc|iPhone = Ad-Hoc|iPhone
		Ad-Hoc|iPhoneSimulator = Ad-Hoc|iPhoneSimulator
		Ad-Hoc|x64 = Ad-Hoc|x64
		Ad-Hoc|x86 = Ad-Hoc|x86
		AppStore|Any CPU = AppStore|Any CPU
		AppStore|ARM = AppStore|ARM
		AppStore|iPhone = AppStore|iPhone
		AppStore|iPhoneSimulator = AppStore|iPhoneSimulator
		AppStore|x64 = AppStore|x64
		AppStore|x86 = AppStore|x86
		Debug|Any CPU = Debug|Any CPU
		Debug|ARM = Debug|ARM
		Debug|iPhone = Debug|iPhone
		Debug|iPhoneSimulator = Debug|iPhoneSimulator
		Debug|x64 = Debug|x64
		Debug|x86 = Debug|x86
		Release|Any CPU = Release|Any CPU
		Release|ARM = Release|ARM
		Release|iPhone = Release|iPhone
		Release|iPhoneSimulator = Release|iPhoneSimulator
		Release|x64 = Release|x64
		Release|x86 = Release|x86
	EndGlobalSection
	GlobalSection(ProjectConfigurationPlatforms) = postSolution
		{5576F6EA-EE3F-4B6A-BC25-62CCE7FB2373}.Ad-Hoc|Any CPU.ActiveCfg = Release|Any CPU
		{5576F6EA-EE3F-4B6A-BC25-62CCE7FB2373}.Ad-Hoc|Any CPU.Build.0 = Release|Any CPU
		{5576F6EA-EE3F-4B6A-BC25-62CCE7FB2373}.Ad-Hoc|Any CPU.Deploy.0 = Release|Any CPU
		{5576F6EA-EE3F-4B6A-BC25-62CCE7FB2373}.Ad-Hoc|ARM.ActiveCfg = Release|Any CPU
		{5576F6EA-EE3F-4B6A-BC25-62CCE7FB2373}.Ad-Hoc|ARM.Build.0 = Release|Any CPU
		{5576F6EA-EE3F-4B6A-BC25-62CCE7FB2373}.Ad-Hoc|ARM.Deploy.0 = Release|Any CPU
		{5576F6EA-EE3F-4B6A-BC25-62CCE7FB2373}.Ad-Hoc|iPhone.ActiveCfg = Release|Any CPU
		{5576F6EA-EE3F-4B6A-BC25-62CCE7FB2373}.Ad-Hoc|iPhone.Build.0 = Release|Any CPU
		{5576F6EA-EE3F-4B6A-BC25-62CCE7FB2373}.Ad-Hoc|iPhone.Deploy.0 = Release|Any CPU
		{5576F6EA-EE3F-4B6A-BC25-62CCE7FB2373}.Ad-Hoc|iPhoneSimulator.ActiveCfg = Release|Any CPU
		{5576F6EA-EE3F-4B6A-BC25-62CCE7FB2373}.Ad-Hoc|iPhoneSimulator.Build.0 = Release|Any CPU
		{5576F6EA-EE3F-4B6A-BC25-62CCE7FB2373}.Ad-Hoc|iPhoneSimulator.Deploy.0 = Release|Any CPU
		{5576F6EA-EE3F-4B6A-BC25-62CCE7FB2373}.Ad-Hoc|x64.ActiveCfg = Release|Any CPU
		{5576F6EA-EE3F-4B6A-BC25-62CCE7FB2373}.Ad-Hoc|x64.Build.0 = Release|Any CPU
		{5576F6EA-EE3F-4B6A-BC25-62CCE7FB2373}.Ad-Hoc|x64.Deploy.0 = Release|Any CPU
		{5576F6EA-EE3F-4B6A-BC25-62CCE7FB2373}.Ad-Hoc|x86.ActiveCfg = Release|Any CPU
		{5576F6EA-EE3F-4B6A-BC25-62CCE7FB2373}.Ad-Hoc|x86.Build.0 = Release|Any CPU
		{5576F6EA-EE3F-4B6A-BC25-62CCE7FB2373}.Ad-Hoc|x86.Deploy.0 = Release|Any CPU
		{5576F6EA-EE3F-4B6A-BC25-62CCE7FB2373}.AppStore|Any CPU.ActiveCfg = Release|Any CPU
		{5576F6EA-EE3F-4B6A-BC25-62CCE7FB2373}.AppStore|Any CPU.Build.0 = Release|Any CPU
		{5576F6EA-EE3F-4B6A-BC25-62CCE7FB2373}.AppStore|Any CPU.Deploy.0 = Release|Any CPU
		{5576F6EA-EE3F-4B6A-BC25-62CCE7FB2373}.AppStore|ARM.ActiveCfg = Release|Any CPU
		{5576F6EA-EE3F-4B6A-BC25-62CCE7FB2373}.AppStore|ARM.Build.0 = Release|Any CPU
		{5576F6EA-EE3F-4B6A-BC25-62CCE7FB2373}.AppStore|ARM.Deploy.0 = Release|Any CPU
		{5576F6EA-EE3F-4B6A-BC25-62CCE7FB2373}.AppStore|iPhone.ActiveCfg = Release|Any CPU
		{5576F6EA-EE3F-4B6A-BC25-62CCE7FB2373}.AppStore|iPhone.Build.0 = Release|Any CPU
		{5576F6EA-EE3F-4B6A-BC25-62CCE7FB2373}.AppStore|iPhone.Deploy.0 = Release|Any CPU
		{5576F6EA-EE3F-4B6A-BC25-62CCE7FB2373}.AppStore|iPhoneSimulator.ActiveCfg = Release|Any CPU
		{5576F6EA-EE3F-4B6A-BC25-62CCE7FB2373}.AppStore|iPhoneSimulator.Build.0 = Release|Any CPU
		{5576F6EA-EE3F-4B6A-BC25-62CCE7FB2373}.AppStore|iPhoneSimulator.Deploy.0 = Release|Any CPU
		{5576F6EA-EE3F-4B6A-BC25-62CCE7FB2373}.AppStore|x64.ActiveCfg = Release|Any CPU
		{5576F6EA-EE3F-4B6A-BC25-62CCE7FB2373}.AppStore|x64.Build.0 = Release|Any CPU
		{5576F6EA-EE3F-4B6A-BC25-62CCE7FB2373}.AppStore|x64.Deploy.0 = Release|Any CPU
		{5576F6EA-EE3F-4B6A-BC25-62CCE7FB2373}.AppStore|x86.ActiveCfg = Release|Any CPU
		{5576F6EA-EE3F-4B6A-BC25-62CCE7FB2373}.AppStore|x86.Build.0 = Release|Any CPU
		{5576F6EA-EE3F-4B6A-BC25-62CCE7FB2373}.AppStore|x86.Deploy.0 = Release|Any CPU
		{5576F6EA-EE3F-4B6A-BC25-62CCE7FB2373}.Debug|Any CPU.ActiveCfg = Debug|Any CPU
		{5576F6EA-EE3F-4B6A-BC25-62CCE7FB2373}.Debug|ARM.ActiveCfg = Debug|Any CPU
		{5576F6EA-EE3F-4B6A-BC25-62CCE7FB2373}.Debug|ARM.Build.0 = Debug|Any CPU
		{5576F6EA-EE3F-4B6A-BC25-62CCE7FB2373}.Debug|ARM.Deploy.0 = Debug|Any CPU
		{5576F6EA-EE3F-4B6A-BC25-62CCE7FB2373}.Debug|iPhone.ActiveCfg = Debug|Any CPU
		{5576F6EA-EE3F-4B6A-BC25-62CCE7FB2373}.Debug|iPhone.Build.0 = Debug|Any CPU
		{5576F6EA-EE3F-4B6A-BC25-62CCE7FB2373}.Debug|iPhone.Deploy.0 = Debug|Any CPU
		{5576F6EA-EE3F-4B6A-BC25-62CCE7FB2373}.Debug|iPhoneSimulator.ActiveCfg = Debug|Any CPU
		{5576F6EA-EE3F-4B6A-BC25-62CCE7FB2373}.Debug|iPhoneSimulator.Build.0 = Debug|Any CPU
		{5576F6EA-EE3F-4B6A-BC25-62CCE7FB2373}.Debug|iPhoneSimulator.Deploy.0 = Debug|Any CPU
		{5576F6EA-EE3F-4B6A-BC25-62CCE7FB2373}.Debug|x64.ActiveCfg = Debug|Any CPU
		{5576F6EA-EE3F-4B6A-BC25-62CCE7FB2373}.Debug|x64.Build.0 = Debug|Any CPU
		{5576F6EA-EE3F-4B6A-BC25-62CCE7FB2373}.Debug|x64.Deploy.0 = Debug|Any CPU
		{5576F6EA-EE3F-4B6A-BC25-62CCE7FB2373}.Debug|x86.ActiveCfg = Debug|Any CPU
		{5576F6EA-EE3F-4B6A-BC25-62CCE7FB2373}.Release|Any CPU.ActiveCfg = Release|Any CPU
		{5576F6EA-EE3F-4B6A-BC25-62CCE7FB2373}.Release|Any CPU.Build.0 = Release|Any CPU
		{5576F6EA-EE3F-4B6A-BC25-62CCE7FB2373}.Release|Any CPU.Deploy.0 = Release|Any CPU
		{5576F6EA-EE3F-4B6A-BC25-62CCE7FB2373}.Release|ARM.ActiveCfg = Release|Any CPU
		{5576F6EA-EE3F-4B6A-BC25-62CCE7FB2373}.Release|ARM.Build.0 = Release|Any CPU
		{5576F6EA-EE3F-4B6A-BC25-62CCE7FB2373}.Release|ARM.Deploy.0 = Release|Any CPU
		{5576F6EA-EE3F-4B6A-BC25-62CCE7FB2373}.Release|iPhone.ActiveCfg = Release|Any CPU
		{5576F6EA-EE3F-4B6A-BC25-62CCE7FB2373}.Release|iPhone.Build.0 = Release|Any CPU
		{5576F6EA-EE3F-4B6A-BC25-62CCE7FB2373}.Release|iPhone.Deploy.0 = Release|Any CPU
		{5576F6EA-EE3F-4B6A-BC25-62CCE7FB2373}.Release|iPhoneSimulator.ActiveCfg = Release|Any CPU
		{5576F6EA-EE3F-4B6A-BC25-62CCE7FB2373}.Release|iPhoneSimulator.Build.0 = Release|Any CPU
		{5576F6EA-EE3F-4B6A-BC25-62CCE7FB2373}.Release|iPhoneSimulator.Deploy.0 = Release|Any CPU
		{5576F6EA-EE3F-4B6A-BC25-62CCE7FB2373}.Release|x64.ActiveCfg = Release|Any CPU
		{5576F6EA-EE3F-4B6A-BC25-62CCE7FB2373}.Release|x64.Build.0 = Release|Any CPU
		{5576F6EA-EE3F-4B6A-BC25-62CCE7FB2373}.Release|x64.Deploy.0 = Release|Any CPU
		{5576F6EA-EE3F-4B6A-BC25-62CCE7FB2373}.Release|x86.ActiveCfg = Release|Any CPU
		{5576F6EA-EE3F-4B6A-BC25-62CCE7FB2373}.Release|x86.Build.0 = Release|Any CPU
		{5576F6EA-EE3F-4B6A-BC25-62CCE7FB2373}.Release|x86.Deploy.0 = Release|Any CPU
		{D361625A-6EEE-40DD-9476-0CAE5363D282}.Ad-Hoc|Any CPU.ActiveCfg = Ad-Hoc|iPhoneSimulator
		{D361625A-6EEE-40DD-9476-0CAE5363D282}.Ad-Hoc|ARM.ActiveCfg = Ad-Hoc|iPhone
		{D361625A-6EEE-40DD-9476-0CAE5363D282}.Ad-Hoc|iPhone.ActiveCfg = Ad-Hoc|iPhone
		{D361625A-6EEE-40DD-9476-0CAE5363D282}.Ad-Hoc|iPhone.Build.0 = Ad-Hoc|iPhone
		{D361625A-6EEE-40DD-9476-0CAE5363D282}.Ad-Hoc|iPhoneSimulator.ActiveCfg = Ad-Hoc|iPhoneSimulator
		{D361625A-6EEE-40DD-9476-0CAE5363D282}.Ad-Hoc|iPhoneSimulator.Build.0 = Ad-Hoc|iPhoneSimulator
		{D361625A-6EEE-40DD-9476-0CAE5363D282}.Ad-Hoc|x64.ActiveCfg = Ad-Hoc|iPhone
		{D361625A-6EEE-40DD-9476-0CAE5363D282}.Ad-Hoc|x86.ActiveCfg = Ad-Hoc|iPhone
		{D361625A-6EEE-40DD-9476-0CAE5363D282}.AppStore|Any CPU.ActiveCfg = AppStore|iPhoneSimulator
		{D361625A-6EEE-40DD-9476-0CAE5363D282}.AppStore|ARM.ActiveCfg = AppStore|iPhone
		{D361625A-6EEE-40DD-9476-0CAE5363D282}.AppStore|iPhone.ActiveCfg = AppStore|iPhone
		{D361625A-6EEE-40DD-9476-0CAE5363D282}.AppStore|iPhone.Build.0 = AppStore|iPhone
		{D361625A-6EEE-40DD-9476-0CAE5363D282}.AppStore|iPhoneSimulator.ActiveCfg = AppStore|iPhoneSimulator
		{D361625A-6EEE-40DD-9476-0CAE5363D282}.AppStore|iPhoneSimulator.Build.0 = AppStore|iPhoneSimulator
		{D361625A-6EEE-40DD-9476-0CAE5363D282}.AppStore|x64.ActiveCfg = AppStore|iPhone
		{D361625A-6EEE-40DD-9476-0CAE5363D282}.AppStore|x86.ActiveCfg = AppStore|iPhone
		{D361625A-6EEE-40DD-9476-0CAE5363D282}.Debug|Any CPU.ActiveCfg = Debug|iPhoneSimulator
		{D361625A-6EEE-40DD-9476-0CAE5363D282}.Debug|ARM.ActiveCfg = Debug|iPhone
		{D361625A-6EEE-40DD-9476-0CAE5363D282}.Debug|iPhone.ActiveCfg = Debug|iPhone
		{D361625A-6EEE-40DD-9476-0CAE5363D282}.Debug|iPhone.Build.0 = Debug|iPhone
		{D361625A-6EEE-40DD-9476-0CAE5363D282}.Debug|iPhoneSimulator.ActiveCfg = Debug|iPhoneSimulator
		{D361625A-6EEE-40DD-9476-0CAE5363D282}.Debug|iPhoneSimulator.Build.0 = Debug|iPhoneSimulator
		{D361625A-6EEE-40DD-9476-0CAE5363D282}.Debug|x64.ActiveCfg = Debug|iPhone
		{D361625A-6EEE-40DD-9476-0CAE5363D282}.Debug|x86.ActiveCfg = Debug|iPhone
		{D361625A-6EEE-40DD-9476-0CAE5363D282}.Release|Any CPU.ActiveCfg = Release|iPhoneSimulator
		{D361625A-6EEE-40DD-9476-0CAE5363D282}.Release|ARM.ActiveCfg = Release|iPhone
		{D361625A-6EEE-40DD-9476-0CAE5363D282}.Release|iPhone.ActiveCfg = Release|iPhone
		{D361625A-6EEE-40DD-9476-0CAE5363D282}.Release|iPhone.Build.0 = Release|iPhone
		{D361625A-6EEE-40DD-9476-0CAE5363D282}.Release|iPhoneSimulator.ActiveCfg = Release|iPhoneSimulator
		{D361625A-6EEE-40DD-9476-0CAE5363D282}.Release|iPhoneSimulator.Build.0 = Release|iPhoneSimulator
		{D361625A-6EEE-40DD-9476-0CAE5363D282}.Release|x64.ActiveCfg = Release|iPhone
		{D361625A-6EEE-40DD-9476-0CAE5363D282}.Release|x86.ActiveCfg = Release|iPhone
		{3E87E239-5690-4DD6-A391-238CEBD64156}.Ad-Hoc|Any CPU.ActiveCfg = Release|x86
		{3E87E239-5690-4DD6-A391-238CEBD64156}.Ad-Hoc|Any CPU.Build.0 = Release|x86
		{3E87E239-5690-4DD6-A391-238CEBD64156}.Ad-Hoc|Any CPU.Deploy.0 = Release|x86
		{3E87E239-5690-4DD6-A391-238CEBD64156}.Ad-Hoc|ARM.ActiveCfg = Release|ARM
		{3E87E239-5690-4DD6-A391-238CEBD64156}.Ad-Hoc|ARM.Build.0 = Release|ARM
		{3E87E239-5690-4DD6-A391-238CEBD64156}.Ad-Hoc|ARM.Deploy.0 = Release|ARM
		{3E87E239-5690-4DD6-A391-238CEBD64156}.Ad-Hoc|iPhone.ActiveCfg = Release|x86
		{3E87E239-5690-4DD6-A391-238CEBD64156}.Ad-Hoc|iPhone.Build.0 = Release|x86
		{3E87E239-5690-4DD6-A391-238CEBD64156}.Ad-Hoc|iPhone.Deploy.0 = Release|x86
		{3E87E239-5690-4DD6-A391-238CEBD64156}.Ad-Hoc|iPhoneSimulator.ActiveCfg = Release|x86
		{3E87E239-5690-4DD6-A391-238CEBD64156}.Ad-Hoc|iPhoneSimulator.Build.0 = Release|x86
		{3E87E239-5690-4DD6-A391-238CEBD64156}.Ad-Hoc|iPhoneSimulator.Deploy.0 = Release|x86
		{3E87E239-5690-4DD6-A391-238CEBD64156}.Ad-Hoc|x64.ActiveCfg = Release|x64
		{3E87E239-5690-4DD6-A391-238CEBD64156}.Ad-Hoc|x64.Build.0 = Release|x64
		{3E87E239-5690-4DD6-A391-238CEBD64156}.Ad-Hoc|x64.Deploy.0 = Release|x64
		{3E87E239-5690-4DD6-A391-238CEBD64156}.Ad-Hoc|x86.ActiveCfg = Release|x86
		{3E87E239-5690-4DD6-A391-238CEBD64156}.Ad-Hoc|x86.Build.0 = Release|x86
		{3E87E239-5690-4DD6-A391-238CEBD64156}.Ad-Hoc|x86.Deploy.0 = Release|x86
		{3E87E239-5690-4DD6-A391-238CEBD64156}.AppStore|Any CPU.ActiveCfg = Release|x86
		{3E87E239-5690-4DD6-A391-238CEBD64156}.AppStore|Any CPU.Build.0 = Release|x86
		{3E87E239-5690-4DD6-A391-238CEBD64156}.AppStore|Any CPU.Deploy.0 = Release|x86
		{3E87E239-5690-4DD6-A391-238CEBD64156}.AppStore|ARM.ActiveCfg = Release|ARM
		{3E87E239-5690-4DD6-A391-238CEBD64156}.AppStore|ARM.Build.0 = Release|ARM
		{3E87E239-5690-4DD6-A391-238CEBD64156}.AppStore|ARM.Deploy.0 = Release|ARM
		{3E87E239-5690-4DD6-A391-238CEBD64156}.AppStore|iPhone.ActiveCfg = Release|x86
		{3E87E239-5690-4DD6-A391-238CEBD64156}.AppStore|iPhone.Build.0 = Release|x86
		{3E87E239-5690-4DD6-A391-238CEBD64156}.AppStore|iPhone.Deploy.0 = Release|x86
		{3E87E239-5690-4DD6-A391-238CEBD64156}.AppStore|iPhoneSimulator.ActiveCfg = Release|x86
		{3E87E239-5690-4DD6-A391-238CEBD64156}.AppStore|iPhoneSimulator.Build.0 = Release|x86
		{3E87E239-5690-4DD6-A391-238CEBD64156}.AppStore|iPhoneSimulator.Deploy.0 = Release|x86
		{3E87E239-5690-4DD6-A391-238CEBD64156}.AppStore|x64.ActiveCfg = Release|x64
		{3E87E239-5690-4DD6-A391-238CEBD64156}.AppStore|x64.Build.0 = Release|x64
		{3E87E239-5690-4DD6-A391-238CEBD64156}.AppStore|x64.Deploy.0 = Release|x64
		{3E87E239-5690-4DD6-A391-238CEBD64156}.AppStore|x86.ActiveCfg = Release|x86
		{3E87E239-5690-4DD6-A391-238CEBD64156}.AppStore|x86.Build.0 = Release|x86
		{3E87E239-5690-4DD6-A391-238CEBD64156}.AppStore|x86.Deploy.0 = Release|x86
		{3E87E239-5690-4DD6-A391-238CEBD64156}.Debug|Any CPU.ActiveCfg = Debug|x86
		{3E87E239-5690-4DD6-A391-238CEBD64156}.Debug|ARM.ActiveCfg = Debug|ARM
		{3E87E239-5690-4DD6-A391-238CEBD64156}.Debug|ARM.Build.0 = Debug|ARM
		{3E87E239-5690-4DD6-A391-238CEBD64156}.Debug|ARM.Deploy.0 = Debug|ARM
		{3E87E239-5690-4DD6-A391-238CEBD64156}.Debug|iPhone.ActiveCfg = Debug|x86
		{3E87E239-5690-4DD6-A391-238CEBD64156}.Debug|iPhoneSimulator.ActiveCfg = Debug|x86
		{3E87E239-5690-4DD6-A391-238CEBD64156}.Debug|x64.ActiveCfg = Debug|x64
		{3E87E239-5690-4DD6-A391-238CEBD64156}.Debug|x64.Build.0 = Debug|x64
		{3E87E239-5690-4DD6-A391-238CEBD64156}.Debug|x64.Deploy.0 = Debug|x64
		{3E87E239-5690-4DD6-A391-238CEBD64156}.Debug|x86.ActiveCfg = Debug|x86
		{3E87E239-5690-4DD6-A391-238CEBD64156}.Debug|x86.Build.0 = Debug|x86
		{3E87E239-5690-4DD6-A391-238CEBD64156}.Debug|x86.Deploy.0 = Debug|x86
		{3E87E239-5690-4DD6-A391-238CEBD64156}.Release|Any CPU.ActiveCfg = Release|x86
		{3E87E239-5690-4DD6-A391-238CEBD64156}.Release|ARM.ActiveCfg = Release|ARM
		{3E87E239-5690-4DD6-A391-238CEBD64156}.Release|ARM.Build.0 = Release|ARM
		{3E87E239-5690-4DD6-A391-238CEBD64156}.Release|ARM.Deploy.0 = Release|ARM
		{3E87E239-5690-4DD6-A391-238CEBD64156}.Release|iPhone.ActiveCfg = Release|x86
		{3E87E239-5690-4DD6-A391-238CEBD64156}.Release|iPhoneSimulator.ActiveCfg = Release|x86
		{3E87E239-5690-4DD6-A391-238CEBD64156}.Release|x64.ActiveCfg = Release|x64
		{3E87E239-5690-4DD6-A391-238CEBD64156}.Release|x64.Build.0 = Release|x64
		{3E87E239-5690-4DD6-A391-238CEBD64156}.Release|x64.Deploy.0 = Release|x64
		{3E87E239-5690-4DD6-A391-238CEBD64156}.Release|x86.ActiveCfg = Release|x86
		{3E87E239-5690-4DD6-A391-238CEBD64156}.Release|x86.Build.0 = Release|x86
		{3E87E239-5690-4DD6-A391-238CEBD64156}.Release|x86.Deploy.0 = Release|x86
		{647D3143-3305-4BA6-B89C-1037354D4197}.Ad-Hoc|Any CPU.ActiveCfg = Release|Any CPU
		{647D3143-3305-4BA6-B89C-1037354D4197}.Ad-Hoc|Any CPU.Build.0 = Release|Any CPU
		{647D3143-3305-4BA6-B89C-1037354D4197}.Ad-Hoc|ARM.ActiveCfg = Release|Any CPU
		{647D3143-3305-4BA6-B89C-1037354D4197}.Ad-Hoc|ARM.Build.0 = Release|Any CPU
		{647D3143-3305-4BA6-B89C-1037354D4197}.Ad-Hoc|iPhone.ActiveCfg = Release|Any CPU
		{647D3143-3305-4BA6-B89C-1037354D4197}.Ad-Hoc|iPhone.Build.0 = Release|Any CPU
		{647D3143-3305-4BA6-B89C-1037354D4197}.Ad-Hoc|iPhoneSimulator.ActiveCfg = Release|Any CPU
		{647D3143-3305-4BA6-B89C-1037354D4197}.Ad-Hoc|iPhoneSimulator.Build.0 = Release|Any CPU
		{647D3143-3305-4BA6-B89C-1037354D4197}.Ad-Hoc|x64.ActiveCfg = Release|Any CPU
		{647D3143-3305-4BA6-B89C-1037354D4197}.Ad-Hoc|x64.Build.0 = Release|Any CPU
		{647D3143-3305-4BA6-B89C-1037354D4197}.Ad-Hoc|x86.ActiveCfg = Release|Any CPU
		{647D3143-3305-4BA6-B89C-1037354D4197}.Ad-Hoc|x86.Build.0 = Release|Any CPU
		{647D3143-3305-4BA6-B89C-1037354D4197}.AppStore|Any CPU.ActiveCfg = Release|Any CPU
		{647D3143-3305-4BA6-B89C-1037354D4197}.AppStore|Any CPU.Build.0 = Release|Any CPU
		{647D3143-3305-4BA6-B89C-1037354D4197}.AppStore|ARM.ActiveCfg = Release|Any CPU
		{647D3143-3305-4BA6-B89C-1037354D4197}.AppStore|ARM.Build.0 = Release|Any CPU
		{647D3143-3305-4BA6-B89C-1037354D4197}.AppStore|iPhone.ActiveCfg = Release|Any CPU
		{647D3143-3305-4BA6-B89C-1037354D4197}.AppStore|iPhone.Build.0 = Release|Any CPU
		{647D3143-3305-4BA6-B89C-1037354D4197}.AppStore|iPhoneSimulator.ActiveCfg = Release|Any CPU
		{647D3143-3305-4BA6-B89C-1037354D4197}.AppStore|iPhoneSimulator.Build.0 = Release|Any CPU
		{647D3143-3305-4BA6-B89C-1037354D4197}.AppStore|x64.ActiveCfg = Release|Any CPU
		{647D3143-3305-4BA6-B89C-1037354D4197}.AppStore|x64.Build.0 = Release|Any CPU
		{647D3143-3305-4BA6-B89C-1037354D4197}.AppStore|x86.ActiveCfg = Release|Any CPU
		{647D3143-3305-4BA6-B89C-1037354D4197}.AppStore|x86.Build.0 = Release|Any CPU
		{647D3143-3305-4BA6-B89C-1037354D4197}.Debug|Any CPU.ActiveCfg = Debug|Any CPU
		{647D3143-3305-4BA6-B89C-1037354D4197}.Debug|ARM.ActiveCfg = Debug|Any CPU
		{647D3143-3305-4BA6-B89C-1037354D4197}.Debug|ARM.Build.0 = Debug|Any CPU
		{647D3143-3305-4BA6-B89C-1037354D4197}.Debug|iPhone.ActiveCfg = Debug|Any CPU
		{647D3143-3305-4BA6-B89C-1037354D4197}.Debug|iPhone.Build.0 = Debug|Any CPU
		{647D3143-3305-4BA6-B89C-1037354D4197}.Debug|iPhoneSimulator.ActiveCfg = Debug|Any CPU
		{647D3143-3305-4BA6-B89C-1037354D4197}.Debug|iPhoneSimulator.Build.0 = Debug|Any CPU
		{647D3143-3305-4BA6-B89C-1037354D4197}.Debug|x64.ActiveCfg = Debug|Any CPU
		{647D3143-3305-4BA6-B89C-1037354D4197}.Debug|x64.Build.0 = Debug|Any CPU
		{647D3143-3305-4BA6-B89C-1037354D4197}.Debug|x86.ActiveCfg = Debug|Any CPU
		{647D3143-3305-4BA6-B89C-1037354D4197}.Debug|x86.Build.0 = Debug|Any CPU
		{647D3143-3305-4BA6-B89C-1037354D4197}.Release|Any CPU.ActiveCfg = Release|Any CPU
		{647D3143-3305-4BA6-B89C-1037354D4197}.Release|Any CPU.Build.0 = Release|Any CPU
		{647D3143-3305-4BA6-B89C-1037354D4197}.Release|ARM.ActiveCfg = Release|Any CPU
		{647D3143-3305-4BA6-B89C-1037354D4197}.Release|ARM.Build.0 = Release|Any CPU
		{647D3143-3305-4BA6-B89C-1037354D4197}.Release|iPhone.ActiveCfg = Release|Any CPU
		{647D3143-3305-4BA6-B89C-1037354D4197}.Release|iPhone.Build.0 = Release|Any CPU
		{647D3143-3305-4BA6-B89C-1037354D4197}.Release|iPhoneSimulator.ActiveCfg = Release|Any CPU
		{647D3143-3305-4BA6-B89C-1037354D4197}.Release|iPhoneSimulator.Build.0 = Release|Any CPU
		{647D3143-3305-4BA6-B89C-1037354D4197}.Release|x64.ActiveCfg = Release|Any CPU
		{647D3143-3305-4BA6-B89C-1037354D4197}.Release|x64.Build.0 = Release|Any CPU
		{647D3143-3305-4BA6-B89C-1037354D4197}.Release|x86.ActiveCfg = Release|Any CPU
		{647D3143-3305-4BA6-B89C-1037354D4197}.Release|x86.Build.0 = Release|Any CPU
		{DCEB6ECC-9141-4AAA-9124-A64ED562DD85}.Ad-Hoc|Any CPU.ActiveCfg = Release|Any CPU
		{DCEB6ECC-9141-4AAA-9124-A64ED562DD85}.Ad-Hoc|Any CPU.Build.0 = Release|Any CPU
		{DCEB6ECC-9141-4AAA-9124-A64ED562DD85}.Ad-Hoc|ARM.ActiveCfg = Release|Any CPU
		{DCEB6ECC-9141-4AAA-9124-A64ED562DD85}.Ad-Hoc|ARM.Build.0 = Release|Any CPU
		{DCEB6ECC-9141-4AAA-9124-A64ED562DD85}.Ad-Hoc|iPhone.ActiveCfg = Release|Any CPU
		{DCEB6ECC-9141-4AAA-9124-A64ED562DD85}.Ad-Hoc|iPhone.Build.0 = Release|Any CPU
		{DCEB6ECC-9141-4AAA-9124-A64ED562DD85}.Ad-Hoc|iPhoneSimulator.ActiveCfg = Release|Any CPU
		{DCEB6ECC-9141-4AAA-9124-A64ED562DD85}.Ad-Hoc|iPhoneSimulator.Build.0 = Release|Any CPU
		{DCEB6ECC-9141-4AAA-9124-A64ED562DD85}.Ad-Hoc|x64.ActiveCfg = Release|Any CPU
		{DCEB6ECC-9141-4AAA-9124-A64ED562DD85}.Ad-Hoc|x64.Build.0 = Release|Any CPU
		{DCEB6ECC-9141-4AAA-9124-A64ED562DD85}.Ad-Hoc|x86.ActiveCfg = Release|Any CPU
		{DCEB6ECC-9141-4AAA-9124-A64ED562DD85}.Ad-Hoc|x86.Build.0 = Release|Any CPU
		{DCEB6ECC-9141-4AAA-9124-A64ED562DD85}.AppStore|Any CPU.ActiveCfg = Release|Any CPU
		{DCEB6ECC-9141-4AAA-9124-A64ED562DD85}.AppStore|Any CPU.Build.0 = Release|Any CPU
		{DCEB6ECC-9141-4AAA-9124-A64ED562DD85}.AppStore|ARM.ActiveCfg = Release|Any CPU
		{DCEB6ECC-9141-4AAA-9124-A64ED562DD85}.AppStore|ARM.Build.0 = Release|Any CPU
		{DCEB6ECC-9141-4AAA-9124-A64ED562DD85}.AppStore|iPhone.ActiveCfg = Release|Any CPU
		{DCEB6ECC-9141-4AAA-9124-A64ED562DD85}.AppStore|iPhone.Build.0 = Release|Any CPU
		{DCEB6ECC-9141-4AAA-9124-A64ED562DD85}.AppStore|iPhoneSimulator.ActiveCfg = Release|Any CPU
		{DCEB6ECC-9141-4AAA-9124-A64ED562DD85}.AppStore|iPhoneSimulator.Build.0 = Release|Any CPU
		{DCEB6ECC-9141-4AAA-9124-A64ED562DD85}.AppStore|x64.ActiveCfg = Release|Any CPU
		{DCEB6ECC-9141-4AAA-9124-A64ED562DD85}.AppStore|x64.Build.0 = Release|Any CPU
		{DCEB6ECC-9141-4AAA-9124-A64ED562DD85}.AppStore|x86.ActiveCfg = Release|Any CPU
		{DCEB6ECC-9141-4AAA-9124-A64ED562DD85}.AppStore|x86.Build.0 = Release|Any CPU
		{DCEB6ECC-9141-4AAA-9124-A64ED562DD85}.Debug|Any CPU.ActiveCfg = Debug|Any CPU
		{DCEB6ECC-9141-4AAA-9124-A64ED562DD85}.Debug|Any CPU.Build.0 = Debug|Any CPU
		{DCEB6ECC-9141-4AAA-9124-A64ED562DD85}.Debug|ARM.ActiveCfg = Debug|Any CPU
		{DCEB6ECC-9141-4AAA-9124-A64ED562DD85}.Debug|ARM.Build.0 = Debug|Any CPU
		{DCEB6ECC-9141-4AAA-9124-A64ED562DD85}.Debug|iPhone.ActiveCfg = Debug|Any CPU
		{DCEB6ECC-9141-4AAA-9124-A64ED562DD85}.Debug|iPhone.Build.0 = Debug|Any CPU
		{DCEB6ECC-9141-4AAA-9124-A64ED562DD85}.Debug|iPhoneSimulator.ActiveCfg = Debug|Any CPU
		{DCEB6ECC-9141-4AAA-9124-A64ED562DD85}.Debug|iPhoneSimulator.Build.0 = Debug|Any CPU
		{DCEB6ECC-9141-4AAA-9124-A64ED562DD85}.Debug|x64.ActiveCfg = Debug|Any CPU
		{DCEB6ECC-9141-4AAA-9124-A64ED562DD85}.Debug|x64.Build.0 = Debug|Any CPU
		{DCEB6ECC-9141-4AAA-9124-A64ED562DD85}.Debug|x86.ActiveCfg = Debug|Any CPU
		{DCEB6ECC-9141-4AAA-9124-A64ED562DD85}.Debug|x86.Build.0 = Debug|Any CPU
		{DCEB6ECC-9141-4AAA-9124-A64ED562DD85}.Release|Any CPU.ActiveCfg = Release|Any CPU
		{DCEB6ECC-9141-4AAA-9124-A64ED562DD85}.Release|Any CPU.Build.0 = Release|Any CPU
		{DCEB6ECC-9141-4AAA-9124-A64ED562DD85}.Release|ARM.ActiveCfg = Release|Any CPU
		{DCEB6ECC-9141-4AAA-9124-A64ED562DD85}.Release|ARM.Build.0 = Release|Any CPU
		{DCEB6ECC-9141-4AAA-9124-A64ED562DD85}.Release|iPhone.ActiveCfg = Release|Any CPU
		{DCEB6ECC-9141-4AAA-9124-A64ED562DD85}.Release|iPhone.Build.0 = Release|Any CPU
		{DCEB6ECC-9141-4AAA-9124-A64ED562DD85}.Release|iPhoneSimulator.ActiveCfg = Release|Any CPU
		{DCEB6ECC-9141-4AAA-9124-A64ED562DD85}.Release|iPhoneSimulator.Build.0 = Release|Any CPU
		{DCEB6ECC-9141-4AAA-9124-A64ED562DD85}.Release|x64.ActiveCfg = Release|Any CPU
		{DCEB6ECC-9141-4AAA-9124-A64ED562DD85}.Release|x64.Build.0 = Release|Any CPU
		{DCEB6ECC-9141-4AAA-9124-A64ED562DD85}.Release|x86.ActiveCfg = Release|Any CPU
		{DCEB6ECC-9141-4AAA-9124-A64ED562DD85}.Release|x86.Build.0 = Release|Any CPU
		{95475269-D7CF-4F59-AF6F-842465F620DA}.Ad-Hoc|Any CPU.ActiveCfg = Release|Any CPU
		{95475269-D7CF-4F59-AF6F-842465F620DA}.Ad-Hoc|Any CPU.Build.0 = Release|Any CPU
		{95475269-D7CF-4F59-AF6F-842465F620DA}.Ad-Hoc|ARM.ActiveCfg = Release|Any CPU
		{95475269-D7CF-4F59-AF6F-842465F620DA}.Ad-Hoc|ARM.Build.0 = Release|Any CPU
		{95475269-D7CF-4F59-AF6F-842465F620DA}.Ad-Hoc|iPhone.ActiveCfg = Release|Any CPU
		{95475269-D7CF-4F59-AF6F-842465F620DA}.Ad-Hoc|iPhone.Build.0 = Release|Any CPU
		{95475269-D7CF-4F59-AF6F-842465F620DA}.Ad-Hoc|iPhoneSimulator.ActiveCfg = Release|Any CPU
		{95475269-D7CF-4F59-AF6F-842465F620DA}.Ad-Hoc|iPhoneSimulator.Build.0 = Release|Any CPU
		{95475269-D7CF-4F59-AF6F-842465F620DA}.Ad-Hoc|x64.ActiveCfg = Release|Any CPU
		{95475269-D7CF-4F59-AF6F-842465F620DA}.Ad-Hoc|x64.Build.0 = Release|Any CPU
		{95475269-D7CF-4F59-AF6F-842465F620DA}.Ad-Hoc|x86.ActiveCfg = Release|Any CPU
		{95475269-D7CF-4F59-AF6F-842465F620DA}.Ad-Hoc|x86.Build.0 = Release|Any CPU
		{95475269-D7CF-4F59-AF6F-842465F620DA}.AppStore|Any CPU.ActiveCfg = Release|Any CPU
		{95475269-D7CF-4F59-AF6F-842465F620DA}.AppStore|Any CPU.Build.0 = Release|Any CPU
		{95475269-D7CF-4F59-AF6F-842465F620DA}.AppStore|ARM.ActiveCfg = Release|Any CPU
		{95475269-D7CF-4F59-AF6F-842465F620DA}.AppStore|ARM.Build.0 = Release|Any CPU
		{95475269-D7CF-4F59-AF6F-842465F620DA}.AppStore|iPhone.ActiveCfg = Release|Any CPU
		{95475269-D7CF-4F59-AF6F-842465F620DA}.AppStore|iPhone.Build.0 = Release|Any CPU
		{95475269-D7CF-4F59-AF6F-842465F620DA}.AppStore|iPhoneSimulator.ActiveCfg = Release|Any CPU
		{95475269-D7CF-4F59-AF6F-842465F620DA}.AppStore|iPhoneSimulator.Build.0 = Release|Any CPU
		{95475269-D7CF-4F59-AF6F-842465F620DA}.AppStore|x64.ActiveCfg = Release|Any CPU
		{95475269-D7CF-4F59-AF6F-842465F620DA}.AppStore|x64.Build.0 = Release|Any CPU
		{95475269-D7CF-4F59-AF6F-842465F620DA}.AppStore|x86.ActiveCfg = Release|Any CPU
		{95475269-D7CF-4F59-AF6F-842465F620DA}.AppStore|x86.Build.0 = Release|Any CPU
		{95475269-D7CF-4F59-AF6F-842465F620DA}.Debug|Any CPU.ActiveCfg = Debug|Any CPU
		{95475269-D7CF-4F59-AF6F-842465F620DA}.Debug|Any CPU.Build.0 = Debug|Any CPU
		{95475269-D7CF-4F59-AF6F-842465F620DA}.Debug|ARM.ActiveCfg = Debug|Any CPU
		{95475269-D7CF-4F59-AF6F-842465F620DA}.Debug|ARM.Build.0 = Debug|Any CPU
		{95475269-D7CF-4F59-AF6F-842465F620DA}.Debug|iPhone.ActiveCfg = Debug|Any CPU
		{95475269-D7CF-4F59-AF6F-842465F620DA}.Debug|iPhone.Build.0 = Debug|Any CPU
		{95475269-D7CF-4F59-AF6F-842465F620DA}.Debug|iPhoneSimulator.ActiveCfg = Debug|Any CPU
		{95475269-D7CF-4F59-AF6F-842465F620DA}.Debug|iPhoneSimulator.Build.0 = Debug|Any CPU
		{95475269-D7CF-4F59-AF6F-842465F620DA}.Debug|x64.ActiveCfg = Debug|Any CPU
		{95475269-D7CF-4F59-AF6F-842465F620DA}.Debug|x64.Build.0 = Debug|Any CPU
		{95475269-D7CF-4F59-AF6F-842465F620DA}.Debug|x86.ActiveCfg = Debug|Any CPU
		{95475269-D7CF-4F59-AF6F-842465F620DA}.Release|Any CPU.ActiveCfg = Release|Any CPU
		{95475269-D7CF-4F59-AF6F-842465F620DA}.Release|Any CPU.Build.0 = Release|Any CPU
		{95475269-D7CF-4F59-AF6F-842465F620DA}.Release|ARM.ActiveCfg = Release|Any CPU
		{95475269-D7CF-4F59-AF6F-842465F620DA}.Release|ARM.Build.0 = Release|Any CPU
		{95475269-D7CF-4F59-AF6F-842465F620DA}.Release|iPhone.ActiveCfg = Release|Any CPU
		{95475269-D7CF-4F59-AF6F-842465F620DA}.Release|iPhone.Build.0 = Release|Any CPU
		{95475269-D7CF-4F59-AF6F-842465F620DA}.Release|iPhoneSimulator.ActiveCfg = Release|Any CPU
		{95475269-D7CF-4F59-AF6F-842465F620DA}.Release|iPhoneSimulator.Build.0 = Release|Any CPU
		{95475269-D7CF-4F59-AF6F-842465F620DA}.Release|x64.ActiveCfg = Release|Any CPU
		{95475269-D7CF-4F59-AF6F-842465F620DA}.Release|x64.Build.0 = Release|Any CPU
		{95475269-D7CF-4F59-AF6F-842465F620DA}.Release|x86.ActiveCfg = Release|Any CPU
		{95475269-D7CF-4F59-AF6F-842465F620DA}.Release|x86.Build.0 = Release|Any CPU
	EndGlobalSection
	GlobalSection(SolutionProperties) = preSolution
		HideSolutionNode = FALSE
	EndGlobalSection
	GlobalSection(ExtensibilityGlobals) = postSolution
		SolutionGuid = {8E2D3C52-DBBC-44B8-8B1F-5E11D51A0438}
	EndGlobalSection
EndGlobal
